
Microsoft Visual Studio Solution File, Format Version 12.00
# Visual Studio Version 16
VisualStudioVersion = 16.0.28917.181
MinimumVisualStudioVersion = 10.0.40219.1
Project("{FAE04EC0-301F-11D3-BF4B-00C04F79EFBC}") = "CFD_program", "CFD_program\CFD_program.csproj", "{BB98742C-F208-47E8-8651-43F95D1F29AF}"
EndProject
Global
	GlobalSection(SolutionConfigurationPlatforms) = preSolution
		Debug|Any CPU = Debug|Any CPU
		Release|Any CPU = Release|Any CPU
	EndGlobalSection
	GlobalSection(ProjectConfigurationPlatforms) = postSolution
		{BB98742C-F208-47E8-8651-43F95D1F29AF}.Debug|Any CPU.ActiveCfg = Debug|Any CPU
		{BB98742C-F208-47E8-8651-43F95D1F29AF}.Debug|Any CPU.Build.0 = Debug|Any CPU
		{BB98742C-F208-47E8-8651-43F95D1F29AF}.Release|Any CPU.ActiveCfg = Release|Any CPU
		{BB98742C-F208-47E8-8651-43F95D1F29AF}.Release|Any CPU.Build.0 = Release|Any CPU
	EndGlobalSection
	GlobalSection(SolutionProperties) = preSolution
		HideSolutionNode = FALSE
	EndGlobalSection
	GlobalSection(ExtensibilityGlobals) = postSolution
		SolutionGuid = {77946368-E0CA-4777-9193-42AC5CFEDFC2}
	EndGlobalSection
EndGlobal
